
Microsoft Visual Studio Solution File, Format Version 12.00
# Visual Studio 15
VisualStudioVersion = 15.0.27004.2006
MinimumVisualStudioVersion = 10.0.40219.1
Project("{FAE04EC0-301F-11D3-BF4B-00C04F79EFBC}") = "WebCrawler", "WebCrawler\WebCrawler.csproj", "{5005CF82-58C1-4F53-B91D-73D50ADF59CB}"
EndProject
Global
	GlobalSection(SolutionConfigurationPlatforms) = preSolution
		Debug|Any CPU = Debug|Any CPU
		Release|Any CPU = Release|Any CPU
	EndGlobalSection
	GlobalSection(ProjectConfigurationPlatforms) = postSolution
		{5005CF82-58C1-4F53-B91D-73D50ADF59CB}.Debug|Any CPU.ActiveCfg = Debug|Any CPU
		{5005CF82-58C1-4F53-B91D-73D50ADF59CB}.Debug|Any CPU.Build.0 = Debug|Any CPU
		{5005CF82-58C1-4F53-B91D-73D50ADF59CB}.Release|Any CPU.ActiveCfg = Release|Any CPU
		{5005CF82-58C1-4F53-B91D-73D50ADF59CB}.Release|Any CPU.Build.0 = Release|Any CPU
	EndGlobalSection
	GlobalSection(SolutionProperties) = preSolution
		HideSolutionNode = FALSE
	EndGlobalSection
	GlobalSection(ExtensibilityGlobals) = postSolution
		SolutionGuid = {0FB340A6-D2E1-4AE9-A4BD-22A7E261E237}
	EndGlobalSection
EndGlobal
